
Microsoft Visual Studio Solution File, Format Version 11.00
# Visual Studio 2010
Project("{8BC9CEB8-8B4A-11D0-8D11-00A0C91BC942}") = "ex2_1", "ex2_1\ex2_1.vcxproj", "{F75E4023-823D-4427-8118-5E8F703763BD}"
EndProject
Global
	GlobalSection(SolutionConfigurationPlatforms) = preSolution
		Debug|Win32 = Debug|Win32
		Release|Win32 = Release|Win32
	EndGlobalSection
	GlobalSection(ProjectConfigurationPlatforms) = postSolution
		{F75E4023-823D-4427-8118-5E8F703763BD}.Debug|Win32.ActiveCfg = Debug|Win32
		{F75E4023-823D-4427-8118-5E8F703763BD}.Debug|Win32.Build.0 = Debug|Win32
		{F75E4023-823D-4427-8118-5E8F703763BD}.Release|Win32.ActiveCfg = Release|Win32
		{F75E4023-823D-4427-8118-5E8F703763BD}.Release|Win32.Build.0 = Release|Win32
	EndGlobalSection
	GlobalSection(SolutionProperties) = preSolution
		HideSolutionNode = FALSE
	EndGlobalSection
EndGlobal
