
Microsoft Visual Studio Solution File, Format Version 11.00
# Visual Studio 2010
Project("{8BC9CEB8-8B4A-11D0-8D11-00A0C91BC942}") = "ex_v2", "ex_v2\ex_v2.vcxproj", "{C8C58FDC-E9F0-4C43-86E1-0B8B83B7D043}"
EndProject
Global
	GlobalSection(SolutionConfigurationPlatforms) = preSolution
		Debug|Win32 = Debug|Win32
		Release|Win32 = Release|Win32
	EndGlobalSection
	GlobalSection(ProjectConfigurationPlatforms) = postSolution
		{C8C58FDC-E9F0-4C43-86E1-0B8B83B7D043}.Debug|Win32.ActiveCfg = Debug|Win32
		{C8C58FDC-E9F0-4C43-86E1-0B8B83B7D043}.Debug|Win32.Build.0 = Debug|Win32
		{C8C58FDC-E9F0-4C43-86E1-0B8B83B7D043}.Release|Win32.ActiveCfg = Release|Win32
		{C8C58FDC-E9F0-4C43-86E1-0B8B83B7D043}.Release|Win32.Build.0 = Release|Win32
	EndGlobalSection
	GlobalSection(SolutionProperties) = preSolution
		HideSolutionNode = FALSE
	EndGlobalSection
EndGlobal
